
Microsoft Visual Studio Solution File, Format Version 12.00
# Visual Studio 15
VisualStudioVersion = 15.0.28307.421
MinimumVisualStudioVersion = 10.0.40219.1
Project("{FAE04EC0-301F-11D3-BF4B-00C04F79EFBC}") = "PinkEducationPlagin", "PinkEducationPlagin\PinkEducationPlagin.csproj", "{22E32D1B-E570-435D-AD6E-E759299141C1}"
EndProject
Project("{FAE04EC0-301F-11D3-BF4B-00C04F79EFBC}") = "ConsoleCRMApp", "D:\MS Dynamics CRM Video\Блок разработчика\CRM JS + C#\на заготовку плагина\Test Edu Plugin\UDS.TestEduPlugin\ConsoleCRMApp\ConsoleCRMApp.csproj", "{B7868D81-BA96-4F9F-B628-CA2F6246E837}"
EndProject
Project("{FAE04EC0-301F-11D3-BF4B-00C04F79EFBC}") = "CrmAspMVC", "CrmAspMVC\CrmAspMVC.csproj", "{9B01BA99-5974-4C9F-8578-D8AD3569A6D4}"
EndProject
Global
	GlobalSection(SolutionConfigurationPlatforms) = preSolution
		Debug|Any CPU = Debug|Any CPU
		Release|Any CPU = Release|Any CPU
	EndGlobalSection
	GlobalSection(ProjectConfigurationPlatforms) = postSolution
		{22E32D1B-E570-435D-AD6E-E759299141C1}.Debug|Any CPU.ActiveCfg = Debug|Any CPU
		{22E32D1B-E570-435D-AD6E-E759299141C1}.Debug|Any CPU.Build.0 = Debug|Any CPU
		{22E32D1B-E570-435D-AD6E-E759299141C1}.Release|Any CPU.ActiveCfg = Release|Any CPU
		{22E32D1B-E570-435D-AD6E-E759299141C1}.Release|Any CPU.Build.0 = Release|Any CPU
		{B7868D81-BA96-4F9F-B628-CA2F6246E837}.Debug|Any CPU.ActiveCfg = Debug|Any CPU
		{B7868D81-BA96-4F9F-B628-CA2F6246E837}.Debug|Any CPU.Build.0 = Debug|Any CPU
		{B7868D81-BA96-4F9F-B628-CA2F6246E837}.Release|Any CPU.ActiveCfg = Release|Any CPU
		{B7868D81-BA96-4F9F-B628-CA2F6246E837}.Release|Any CPU.Build.0 = Release|Any CPU
		{9B01BA99-5974-4C9F-8578-D8AD3569A6D4}.Debug|Any CPU.ActiveCfg = Debug|Any CPU
		{9B01BA99-5974-4C9F-8578-D8AD3569A6D4}.Debug|Any CPU.Build.0 = Debug|Any CPU
		{9B01BA99-5974-4C9F-8578-D8AD3569A6D4}.Release|Any CPU.ActiveCfg = Release|Any CPU
		{9B01BA99-5974-4C9F-8578-D8AD3569A6D4}.Release|Any CPU.Build.0 = Release|Any CPU
	EndGlobalSection
	GlobalSection(SolutionProperties) = preSolution
		HideSolutionNode = FALSE
	EndGlobalSection
	GlobalSection(ExtensibilityGlobals) = postSolution
		SolutionGuid = {FB754A14-EB38-45FA-9265-57D402F4025B}
	EndGlobalSection
EndGlobal
